
Microsoft Visual Studio Solution File, Format Version 12.00
# Visual Studio Version 17
VisualStudioVersion = 17.8.34525.116
MinimumVisualStudioVersion = 10.0.40219.1
Project("{FAE04EC0-301F-11D3-BF4B-00C04F79EFBC}") = "ToDoList", "ToDoList\ToDoList.csproj", "{64B56647-A1B1-41BC-AD07-A783B9AE51EE}"
EndProject
Global
	GlobalSection(SolutionConfigurationPlatforms) = preSolution
		Debug|Any CPU = Debug|Any CPU
		Release|Any CPU = Release|Any CPU
	EndGlobalSection
	GlobalSection(ProjectConfigurationPlatforms) = postSolution
		{64B56647-A1B1-41BC-AD07-A783B9AE51EE}.Debug|Any CPU.ActiveCfg = Debug|Any CPU
		{64B56647-A1B1-41BC-AD07-A783B9AE51EE}.Debug|Any CPU.Build.0 = Debug|Any CPU
		{64B56647-A1B1-41BC-AD07-A783B9AE51EE}.Release|Any CPU.ActiveCfg = Release|Any CPU
		{64B56647-A1B1-41BC-AD07-A783B9AE51EE}.Release|Any CPU.Build.0 = Release|Any CPU
	EndGlobalSection
	GlobalSection(SolutionProperties) = preSolution
		HideSolutionNode = FALSE
	EndGlobalSection
	GlobalSection(ExtensibilityGlobals) = postSolution
		SolutionGuid = {2263BF19-DC76-491F-B9EF-1CE90C826B82}
	EndGlobalSection
EndGlobal
